# This file is automatically @generated by Cargo.
# It is not intended for manual editing.
version = 3

[[package]]
name = "magnesium"
version = "1.2.0"
source = "registry+https://github.com/rust-lang/crates.io-index"
checksum = "ac2f461572d07440190e5db9e84c8caad4002f79b04d7f7029ecee234790f4b5"

[[package]]
name = "phosphorus"
version = "0.1.0"
dependencies = [
 "magnesium",
]
