# This file is automatically @generated by Cargo.
# It is not intended for manual editing.
[[package]]
name = "chlorine"
version = "1.0.2"
source = "registry+https://github.com/rust-lang/crates.io-index"
checksum = "630e95643487d924f3893142d4eedf0cd16d2eb848c3fe75d3cb23fa464bfb97"
dependencies = [
 "libc",
]

[[package]]
name = "libc"
version = "0.2.69"
source = "registry+https://github.com/rust-lang/crates.io-index"
checksum = "99e85c08494b21a9054e7fe1374a732aeadaff3980b6990b94bfd3a70f690005"

[[package]]
name = "magnesium"
version = "0.0.4"
source = "registry+https://github.com/rust-lang/crates.io-index"
checksum = "fe6dd707924424f7b39557235629f929d92d38df430f20918831f6f761b673b8"

[[package]]
name = "phosphorus"
version = "0.0.5-alpha.0"
dependencies = [
 "chlorine",
 "magnesium",
 "tinyvec",
]

[[package]]
name = "tinyvec"
version = "0.3.3"
source = "registry+https://github.com/rust-lang/crates.io-index"
checksum = "53953d2d3a5ad81d9f844a32f14ebb121f50b650cd59d0ee2a07cf13c617efed"
